// !$*UTF8*$!
{
	archiveVersion = 1;
	classes = {
	};
	objectVersion = 50;
	objects = {

/* Begin PBXBuildFile section */
		1A2CFBC420DE863800BE49E4 /* AppDelegate.swift in Sources */ = {isa = PBXBuildFile; fileRef = 1A2CFBC320DE863800BE49E4 /* AppDelegate.swift */; };
		1A2CFBCB20DE863900BE49E4 /* Assets.xcassets in Resources */ = {isa = PBXBuildFile; fileRef = 1A2CFBCA20DE863900BE49E4 /* Assets.xcassets */; };
		1A2CFBCE20DE863900BE49E4 /* LaunchScreen.storyboard in Resources */ = {isa = PBXBuildFile; fileRef = 1A2CFBCC20DE863900BE49E4 /* LaunchScreen.storyboard */; };
		1A72FE0221468F5100ECC053 /* TimerViewController.swift in Sources */ = {isa = PBXBuildFile; fileRef = 1A72FE0121468F5100ECC053 /* TimerViewController.swift */; };
		1A72FE06214694AA00ECC053 /* TimeTableUpViewController.swift in Sources */ = {isa = PBXBuildFile; fileRef = 1A72FE05214694AA00ECC053 /* TimeTableUpViewController.swift */; };
		1A72FE0A2146AB0400ECC053 /* UIViewBorder.swift in Sources */ = {isa = PBXBuildFile; fileRef = 1A72FE092146AB0400ECC053 /* UIViewBorder.swift */; };
		1A7706BD21452CBE00EC1742 /* Main.storyboard in Resources */ = {isa = PBXBuildFile; fileRef = 1A7706BC21452CBE00EC1742 /* Main.storyboard */; };
		1ABA51E6214980A100321A7B /* DataFile_TimeTable.swift in Sources */ = {isa = PBXBuildFile; fileRef = 1ABA51E5214980A100321A7B /* DataFile_TimeTable.swift */; };
		1ABA51E82149815600321A7B /* TimerCalculation.swift in Sources */ = {isa = PBXBuildFile; fileRef = 1ABA51E72149815600321A7B /* TimerCalculation.swift */; };
		1ABB73CA214AE43B00AC7DBD /* TimeTableDownViewController.swift in Sources */ = {isa = PBXBuildFile; fileRef = 1ABB73C9214AE43B00AC7DBD /* TimeTableDownViewController.swift */; };
/* End PBXBuildFile section */

/* Begin PBXFileReference section */
		1A2CFBC020DE863800BE49E4 /* SojoBusApp.app */ = {isa = PBXFileReference; explicitFileType = wrapper.application; includeInIndex = 0; path = SojoBusApp.app; sourceTree = BUILT_PRODUCTS_DIR; };
		1A2CFBC320DE863800BE49E4 /* AppDelegate.swift */ = {isa = PBXFileReference; lastKnownFileType = sourcecode.swift; path = AppDelegate.swift; sourceTree = "<group>"; };
		1A2CFBCA20DE863900BE49E4 /* Assets.xcassets */ = {isa = PBXFileReference; lastKnownFileType = folder.assetcatalog; path = Assets.xcassets; sourceTree = "<group>"; };
		1A2CFBCD20DE863900BE49E4 /* Base */ = {isa = PBXFileReference; lastKnownFileType = file.storyboard; name = Base; path = Base.lproj/LaunchScreen.storyboard; sourceTree = "<group>"; };
		1A2CFBCF20DE863900BE49E4 /* Info.plist */ = {isa = PBXFileReference; lastKnownFileType = text.plist.xml; path = Info.plist; sourceTree = "<group>"; };
		1A72FE0121468F5100ECC053 /* TimerViewController.swift */ = {isa = PBXFileReference; lastKnownFileType = sourcecode.swift; path = TimerViewController.swift; sourceTree = "<group>"; };
		1A72FE05214694AA00ECC053 /* TimeTableUpViewController.swift */ = {isa = PBXFileReference; lastKnownFileType = sourcecode.swift; path = TimeTableUpViewController.swift; sourceTree = "<group>"; };
		1A72FE092146AB0400ECC053 /* UIViewBorder.swift */ = {isa = PBXFileReference; lastKnownFileType = sourcecode.swift; path = UIViewBorder.swift; sourceTree = "<group>"; };
		1A7706BC21452CBE00EC1742 /* Main.storyboard */ = {isa = PBXFileReference; lastKnownFileType = file.storyboard; path = Main.storyboard; sourceTree = "<group>"; };
		1ABA51E5214980A100321A7B /* DataFile_TimeTable.swift */ = {isa = PBXFileReference; lastKnownFileType = sourcecode.swift; path = DataFile_TimeTable.swift; sourceTree = "<group>"; };
		1ABA51E72149815600321A7B /* TimerCalculation.swift */ = {isa = PBXFileReference; lastKnownFileType = sourcecode.swift; path = TimerCalculation.swift; sourceTree = "<group>"; };
		1ABB73C9214AE43B00AC7DBD /* TimeTableDownViewController.swift */ = {isa = PBXFileReference; lastKnownFileType = sourcecode.swift; path = TimeTableDownViewController.swift; sourceTree = "<group>"; };
/* End PBXFileReference section */

/* Begin PBXFrameworksBuildPhase section */
		1A2CFBBD20DE863800BE49E4 /* Frameworks */ = {
			isa = PBXFrameworksBuildPhase;
			buildActionMask = 2147483647;
			files = (
			);
			runOnlyForDeploymentPostprocessing = 0;
		};
/* End PBXFrameworksBuildPhase section */

/* Begin PBXGroup section */
		1A2CFBB720DE863800BE49E4 = {
			isa = PBXGroup;
			children = (
				1A2CFBC220DE863800BE49E4 /* SojoBusApp */,
				1A2CFBC120DE863800BE49E4 /* Products */,
			);
			sourceTree = "<group>";
		};
		1A2CFBC120DE863800BE49E4 /* Products */ = {
			isa = PBXGroup;
			children = (
				1A2CFBC020DE863800BE49E4 /* SojoBusApp.app */,
			);
			name = Products;
			sourceTree = "<group>";
		};
		1A2CFBC220DE863800BE49E4 /* SojoBusApp */ = {
			isa = PBXGroup;
			children = (
				1A2CFBC320DE863800BE49E4 /* AppDelegate.swift */,
				1A2CFBCA20DE863900BE49E4 /* Assets.xcassets */,
				1A2CFBCC20DE863900BE49E4 /* LaunchScreen.storyboard */,
				1A2CFBCF20DE863900BE49E4 /* Info.plist */,
				1A7706BC21452CBE00EC1742 /* Main.storyboard */,
				1A72FE0121468F5100ECC053 /* TimerViewController.swift */,
				1A72FE05214694AA00ECC053 /* TimeTableUpViewController.swift */,
				1A72FE092146AB0400ECC053 /* UIViewBorder.swift */,
				1ABA51E5214980A100321A7B /* DataFile_TimeTable.swift */,
				1ABA51E72149815600321A7B /* TimerCalculation.swift */,
				1ABB73C9214AE43B00AC7DBD /* TimeTableDownViewController.swift */,
			);
			path = SojoBusApp;
			sourceTree = "<group>";
		};
/* End PBXGroup section */

/* Begin PBXNativeTarget section */
		1A2CFBBF20DE863800BE49E4 /* SojoBusApp */ = {
			isa = PBXNativeTarget;
			buildConfigurationList = 1A2CFBD220DE863900BE49E4 /* Build configuration list for PBXNativeTarget "SojoBusApp" */;
			buildPhases = (
				1A2CFBBC20DE863800BE49E4 /* Sources */,
				1A2CFBBD20DE863800BE49E4 /* Frameworks */,
				1A2CFBBE20DE863800BE49E4 /* Resources */,
			);
			buildRules = (
			);
			dependencies = (
			);
			name = SojoBusApp;
			productName = SojoBusApp;
			productReference = 1A2CFBC020DE863800BE49E4 /* SojoBusApp.app */;
			productType = "com.apple.product-type.application";
		};
/* End PBXNativeTarget section */

/* Begin PBXProject section */
		1A2CFBB820DE863800BE49E4 /* Project object */ = {
			isa = PBXProject;
			attributes = {
				LastSwiftUpdateCheck = 0940;
				LastUpgradeCheck = 0940;
				ORGANIZATIONNAME = CATK;
				TargetAttributes = {
					1A2CFBBF20DE863800BE49E4 = {
						CreatedOnToolsVersion = 9.4.1;
					};
				};
			};
			buildConfigurationList = 1A2CFBBB20DE863800BE49E4 /* Build configuration list for PBXProject "SojoBusApp" */;
			compatibilityVersion = "Xcode 9.3";
			developmentRegion = en;
			hasScannedForEncodings = 0;
			knownRegions = (
				en,
				Base,
			);
			mainGroup = 1A2CFBB720DE863800BE49E4;
			productRefGroup = 1A2CFBC120DE863800BE49E4 /* Products */;
			projectDirPath = "";
			projectRoot = "";
			targets = (
				1A2CFBBF20DE863800BE49E4 /* SojoBusApp */,
			);
		};
/* End PBXProject section */

/* Begin PBXResourcesBuildPhase section */
		1A2CFBBE20DE863800BE49E4 /* Resources */ = {
			isa = PBXResourcesBuildPhase;
			buildActionMask = 2147483647;
			files = (
				1A7706BD21452CBE00EC1742 /* Main.storyboard in Resources */,
				1A2CFBCE20DE863900BE49E4 /* LaunchScreen.storyboard in Resources */,
				1A2CFBCB20DE863900BE49E4 /* Assets.xcassets in Resources */,
			);
			runOnlyForDeploymentPostprocessing = 0;
		};
/* End PBXResourcesBuildPhase section */

/* Begin PBXSourcesBuildPhase section */
		1A2CFBBC20DE863800BE49E4 /* Sources */ = {
			isa = PBXSourcesBuildPhase;
			buildActionMask = 2147483647;
			files = (
				1A72FE0221468F5100ECC053 /* TimerViewController.swift in Sources */,
				1A2CFBC420DE863800BE49E4 /* AppDelegate.swift in Sources */,
				1A72FE06214694AA00ECC053 /* TimeTableUpViewController.swift in Sources */,
				1ABA51E6214980A100321A7B /* DataFile_TimeTable.swift in Sources */,
				1ABB73CA214AE43B00AC7DBD /* TimeTableDownViewController.swift in Sources */,
				1ABA51E82149815600321A7B /* TimerCalculation.swift in Sources */,
				1A72FE0A2146AB0400ECC053 /* UIViewBorder.swift in Sources */,
			);
			runOnlyForDeploymentPostprocessing = 0;
		};
/* End PBXSourcesBuildPhase section */

/* Begin PBXVariantGroup section */
		1A2CFBCC20DE863900BE49E4 /* LaunchScreen.storyboard */ = {
			isa = PBXVariantGroup;
			children = (
				1A2CFBCD20DE863900BE49E4 /* Base */,
			);
			name = LaunchScreen.storyboard;
			sourceTree = "<group>";
		};
/* End PBXVariantGroup section */

/* Begin XCBuildConfiguration section */
		1A2CFBD020DE863900BE49E4 /* Debug */ = {
			isa = XCBuildConfiguration;
			buildSettings = {
				ALWAYS_SEARCH_USER_PATHS = NO;
				CLANG_ANALYZER_NONNULL = YES;
				CLANG_ANALYZER_NUMBER_OBJECT_CONVERSION = YES_AGGRESSIVE;
				CLANG_CXX_LANGUAGE_STANDARD = "gnu++14";
				CLANG_CXX_LIBRARY = "libc++";
				CLANG_ENABLE_MODULES = YES;
				CLANG_ENABLE_OBJC_ARC = YES;
				CLANG_ENABLE_OBJC_WEAK = YES;
				CLANG_WARN_BLOCK_CAPTURE_AUTORELEASING = YES;
				CLANG_WARN_BOOL_CONVERSION = YES;
				CLANG_WARN_COMMA = YES;
				CLANG_WARN_CONSTANT_CONVERSION = YES;
				CLANG_WARN_DEPRECATED_OBJC_IMPLEMENTATIONS = YES;
				CLANG_WARN_DIRECT_OBJC_ISA_USAGE = YES_ERROR;
				CLANG_WARN_DOCUMENTATION_COMMENTS = YES;
				CLANG_WARN_EMPTY_BODY = YES;
				CLANG_WARN_ENUM_CONVERSION = YES;
				CLANG_WARN_INFINITE_RECURSION = YES;
				CLANG_WARN_INT_CONVERSION = YES;
				CLANG_WARN_NON_LITERAL_NULL_CONVERSION = YES;
				CLANG_WARN_OBJC_IMPLICIT_RETAIN_SELF = YES;
				CLANG_WARN_OBJC_LITERAL_CONVERSION = YES;
				CLANG_WARN_OBJC_ROOT_CLASS = YES_ERROR;
				CLANG_WARN_RANGE_LOOP_ANALYSIS = YES;
				CLANG_WARN_STRICT_PROTOTYPES = YES;
				CLANG_WARN_SUSPICIOUS_MOVE = YES;
				CLANG_WARN_UNGUARDED_AVAILABILITY = YES_AGGRESSIVE;
				CLANG_WARN_UNREACHABLE_CODE = YES;
				CLANG_WARN__DUPLICATE_METHOD_MATCH = YES;
				CODE_SIGN_IDENTITY = "iPhone Developer";
				COPY_PHASE_STRIP = NO;
				DEBUG_INFORMATION_FORMAT = dwarf;
				ENABLE_STRICT_OBJC_MSGSEND = YES;
				ENABLE_TESTABILITY = YES;
				GCC_C_LANGUAGE_STANDARD = gnu11;
				GCC_DYNAMIC_NO_PIC = NO;
				GCC_NO_COMMON_BLOCKS = YES;
				GCC_OPTIMIZATION_LEVEL = 0;
				GCC_PREPROCESSOR_DEFINITIONS = (
					"DEBUG=1",
					"$(inherited)",
				);
				GCC_WARN_64_TO_32_BIT_CONVERSION = YES;
				GCC_WARN_ABOUT_RETURN_TYPE = YES_ERROR;
				GCC_WARN_UNDECLARED_SELECTOR = YES;
				GCC_WARN_UNINITIALIZED_AUTOS = YES_AGGRESSIVE;
				GCC_WARN_UNUSED_FUNCTION = YES;
				GCC_WARN_UNUSED_VARIABLE = YES;
				IPHONEOS_DEPLOYMENT_TARGET = 11.4;
				MTL_ENABLE_DEBUG_INFO = YES;
				ONLY_ACTIVE_ARCH = YES;
				SDKROOT = iphoneos;
				SWIFT_ACTIVE_COMPILATION_CONDITIONS = DEBUG;
				SWIFT_OPTIMIZATION_LEVEL = "-Onone";
			};
			name = Debug;
		};
		1A2CFBD120DE863900BE49E4 /* Release */ = {
			isa = XCBuildConfiguration;
			buildSettings = {
				ALWAYS_SEARCH_USER_PATHS = NO;
				CLANG_ANALYZER_NONNULL = YES;
				CLANG_ANALYZER_NUMBER_OBJECT_CONVERSION = YES_AGGRESSIVE;
				CLANG_CXX_LANGUAGE_STANDARD = "gnu++14";
				CLANG_CXX_LIBRARY = "libc++";
				CLANG_ENABLE_MODULES = YES;
				CLANG_ENABLE_OBJC_ARC = YES;
				CLANG_ENABLE_OBJC_WEAK = YES;
				CLANG_WARN_BLOCK_CAPTURE_AUTORELEASING = YES;
				CLANG_WARN_BOOL_CONVERSION = YES;
				CLANG_WARN_COMMA = YES;
				CLANG_WARN_CONSTANT_CONVERSION = YES;
				CLANG_WARN_DEPRECATED_OBJC_IMPLEMENTATIONS = YES;
				CLANG_WARN_DIRECT_OBJC_ISA_USAGE = YES_ERROR;
				CLANG_WARN_DOCUMENTATION_COMMENTS = YES;
				CLANG_WARN_EMPTY_BODY = YES;
				CLANG_WARN_ENUM_CONVERSION = YES;
				CLANG_WARN_INFINITE_RECURSION = YES;
				CLANG_WARN_INT_CONVERSION = YES;
				CLANG_WARN_NON_LITERAL_NULL_CONVERSION = YES;
				CLANG_WARN_OBJC_IMPLICIT_RETAIN_SELF = YES;
				CLANG_WARN_OBJC_LITERAL_CONVERSION = YES;
				CLANG_WARN_OBJC_ROOT_CLASS = YES_ERROR;
				CLANG_WARN_RANGE_LOOP_ANALYSIS = YES;
				CLANG_WARN_STRICT_PROTOTYPES = YES;
				CLANG_WARN_SUSPICIOUS_MOVE = YES;
				CLANG_WARN_UNGUARDED_AVAILABILITY = YES_AGGRESSIVE;
				CLANG_WARN_UNREACHABLE_CODE = YES;
				CLANG_WARN__DUPLICATE_METHOD_MATCH = YES;
				CODE_SIGN_IDENTITY = "iPhone Developer";
				COPY_PHASE_STRIP = NO;
				DEBUG_INFORMATION_FORMAT = "dwarf-with-dsym";
				ENABLE_NS_ASSERTIONS = NO;
				ENABLE_STRICT_OBJC_MSGSEND = YES;
				GCC_C_LANGUAGE_STANDARD = gnu11;
				GCC_NO_COMMON_BLOCKS = YES;
				GCC_WARN_64_TO_32_BIT_CONVERSION = YES;
				GCC_WARN_ABOUT_RETURN_TYPE = YES_ERROR;
				GCC_WARN_UNDECLARED_SELECTOR = YES;
				GCC_WARN_UNINITIALIZED_AUTOS = YES_AGGRESSIVE;
				GCC_WARN_UNUSED_FUNCTION = YES;
				GCC_WARN_UNUSED_VARIABLE = YES;
				IPHONEOS_DEPLOYMENT_TARGET = 11.4;
				MTL_ENABLE_DEBUG_INFO = NO;
				SDKROOT = iphoneos;
				SWIFT_COMPILATION_MODE = wholemodule;
				SWIFT_OPTIMIZATION_LEVEL = "-O";
				VALIDATE_PRODUCT = YES;
			};
			name = Release;
		};
		1A2CFBD320DE863900BE49E4 /* Debug */ = {
			isa = XCBuildConfiguration;
			buildSettings = {
				ASSETCATALOG_COMPILER_APPICON_NAME = AppIcon;
				CODE_SIGN_STYLE = Automatic;
				DEVELOPMENT_TEAM = 33U5H2RE58;
				INFOPLIST_FILE = SojoBusApp/Info.plist;
				IPHONEOS_DEPLOYMENT_TARGET = 10.0;
				LD_RUNPATH_SEARCH_PATHS = (
					"$(inherited)",
					"@executable_path/Frameworks",
				);
				PRODUCT_BUNDLE_IDENTIFIER = com.ta9maxxx.SojoBusApp;
				PRODUCT_NAME = "$(TARGET_NAME)";
				SWIFT_VERSION = 4.0;
				TARGETED_DEVICE_FAMILY = 1;
			};
			name = Debug;
		};
		1A2CFBD420DE863900BE49E4 /* Release */ = {
			isa = XCBuildConfiguration;
			buildSettings = {
				ASSETCATALOG_COMPILER_APPICON_NAME = AppIcon;
				CODE_SIGN_STYLE = Automatic;
				DEVELOPMENT_TEAM = 33U5H2RE58;
				INFOPLIST_FILE = SojoBusApp/Info.plist;
				IPHONEOS_DEPLOYMENT_TARGET = 10.0;
				LD_RUNPATH_SEARCH_PATHS = (
					"$(inherited)",
					"@executable_path/Frameworks",
				);
				PRODUCT_BUNDLE_IDENTIFIER = com.ta9maxxx.SojoBusApp;
				PRODUCT_NAME = "$(TARGET_NAME)";
				SWIFT_VERSION = 4.0;
				TARGETED_DEVICE_FAMILY = 1;
			};
			name = Release;
		};
/* End XCBuildConfiguration section */

/* Begin XCConfigurationList section */
		1A2CFBBB20DE863800BE49E4 /* Build configuration list for PBXProject "SojoBusApp" */ = {
			isa = XCConfigurationList;
			buildConfigurations = (
				1A2CFBD020DE863900BE49E4 /* Debug */,
				1A2CFBD120DE863900BE49E4 /* Release */,
			);
			defaultConfigurationIsVisible = 0;
			defaultConfigurationName = Release;
		};
		1A2CFBD220DE863900BE49E4 /* Build configuration list for PBXNativeTarget "SojoBusApp" */ = {
			isa = XCConfigurationList;
			buildConfigurations = (
				1A2CFBD320DE863900BE49E4 /* Debug */,
				1A2CFBD420DE863900BE49E4 /* Release */,
			);
			defaultConfigurationIsVisible = 0;
			defaultConfigurationName = Release;
		};
/* End XCConfigurationList section */
	};
	rootObject = 1A2CFBB820DE863800BE49E4 /* Project object */;
}
